// !$*UTF8*$!
{
	archiveVersion = 1;
	classes = {
	};
	objectVersion = 50;
	objects = {

/* Begin PBXBuildFile section */
		0F47892F24C6E2E60038EA6A /* Delm-Medium.otf in Resources */ = {isa = PBXBuildFile; fileRef = 0F47892D24C6E2E60038EA6A /* Delm-Medium.otf */; };
		0F47893024C6E2E60038EA6A /* ThirstySoftRegular.otf in Resources */ = {isa = PBXBuildFile; fileRef = 0F47892E24C6E2E60038EA6A /* ThirstySoftRegular.otf */; };
		29298019246EAA1300DC689C /* AppDelegate.swift in Sources */ = {isa = PBXBuildFile; fileRef = 29298018246EAA1300DC689C /* AppDelegate.swift */; };
		2929801B246EAA1300DC689C /* SceneDelegate.swift in Sources */ = {isa = PBXBuildFile; fileRef = 2929801A246EAA1300DC689C /* SceneDelegate.swift */; };
		2929801D246EAA1300DC689C /* ViewController.swift in Sources */ = {isa = PBXBuildFile; fileRef = 2929801C246EAA1300DC689C /* ViewController.swift */; };
		29298020246EAA1300DC689C /* Main.storyboard in Resources */ = {isa = PBXBuildFile; fileRef = 2929801E246EAA1300DC689C /* Main.storyboard */; };
		29298022246EAA1300DC689C /* Assets.xcassets in Resources */ = {isa = PBXBuildFile; fileRef = 29298021246EAA1300DC689C /* Assets.xcassets */; };
		29298025246EAA1300DC689C /* LaunchScreen.storyboard in Resources */ = {isa = PBXBuildFile; fileRef = 29298023246EAA1300DC689C /* LaunchScreen.storyboard */; };
/* End PBXBuildFile section */

/* Begin PBXFileReference section */
		0F47892D24C6E2E60038EA6A /* Delm-Medium.otf */ = {isa = PBXFileReference; lastKnownFileType = file; path = "Delm-Medium.otf"; sourceTree = "<group>"; };
		0F47892E24C6E2E60038EA6A /* ThirstySoftRegular.otf */ = {isa = PBXFileReference; lastKnownFileType = file; path = ThirstySoftRegular.otf; sourceTree = "<group>"; };
		29298015246EAA1300DC689C /* Intagrid.app */ = {isa = PBXFileReference; explicitFileType = wrapper.application; includeInIndex = 0; path = Intagrid.app; sourceTree = BUILT_PRODUCTS_DIR; };
		29298018246EAA1300DC689C /* AppDelegate.swift */ = {isa = PBXFileReference; lastKnownFileType = sourcecode.swift; path = AppDelegate.swift; sourceTree = "<group>"; };
		2929801A246EAA1300DC689C /* SceneDelegate.swift */ = {isa = PBXFileReference; lastKnownFileType = sourcecode.swift; path = SceneDelegate.swift; sourceTree = "<group>"; };
		2929801C246EAA1300DC689C /* ViewController.swift */ = {isa = PBXFileReference; lastKnownFileType = sourcecode.swift; path = ViewController.swift; sourceTree = "<group>"; };
		2929801F246EAA1300DC689C /* Base */ = {isa = PBXFileReference; lastKnownFileType = file.storyboard; name = Base; path = Base.lproj/Main.storyboard; sourceTree = "<group>"; };
		29298021246EAA1300DC689C /* Assets.xcassets */ = {isa = PBXFileReference; lastKnownFileType = folder.assetcatalog; path = Assets.xcassets; sourceTree = "<group>"; };
		29298024246EAA1300DC689C /* Base */ = {isa = PBXFileReference; lastKnownFileType = file.storyboard; name = Base; path = Base.lproj/LaunchScreen.storyboard; sourceTree = "<group>"; };
		29298026246EAA1300DC689C /* Info.plist */ = {isa = PBXFileReference; lastKnownFileType = text.plist.xml; path = Info.plist; sourceTree = "<group>"; };
/* End PBXFileReference section */

/* Begin PBXFrameworksBuildPhase section */
		29298012246EAA1300DC689C /* Frameworks */ = {
			isa = PBXFrameworksBuildPhase;
			buildActionMask = 2147483647;
			files = (
			);
			runOnlyForDeploymentPostprocessing = 0;
		};
/* End PBXFrameworksBuildPhase section */

/* Begin PBXGroup section */
		2929800C246EAA1300DC689C = {
			isa = PBXGroup;
			children = (
				29298017246EAA1300DC689C /* Intagrid */,
				29298016246EAA1300DC689C /* Products */,
			);
			sourceTree = "<group>";
		};
		29298016246EAA1300DC689C /* Products */ = {
			isa = PBXGroup;
			children = (
				29298015246EAA1300DC689C /* Intagrid.app */,
			);
			name = Products;
			sourceTree = "<group>";
		};
		29298017246EAA1300DC689C /* Intagrid */ = {
			isa = PBXGroup;
			children = (
				29298018246EAA1300DC689C /* AppDelegate.swift */,
				2929801A246EAA1300DC689C /* SceneDelegate.swift */,
				2929801C246EAA1300DC689C /* ViewController.swift */,
				2929801E246EAA1300DC689C /* Main.storyboard */,
				0F47892D24C6E2E60038EA6A /* Delm-Medium.otf */,
				0F47892E24C6E2E60038EA6A /* ThirstySoftRegular.otf */,
				29298021246EAA1300DC689C /* Assets.xcassets */,
				29298023246EAA1300DC689C /* LaunchScreen.storyboard */,
				29298026246EAA1300DC689C /* Info.plist */,
			);
			path = Intagrid;
			sourceTree = "<group>";
		};
/* End PBXGroup section */

/* Begin PBXNativeTarget section */
		29298014246EAA1300DC689C /* Intagrid */ = {
			isa = PBXNativeTarget;
			buildConfigurationList = 29298029246EAA1300DC689C /* Build configuration list for PBXNativeTarget "Intagrid" */;
			buildPhases = (
				29298011246EAA1300DC689C /* Sources */,
				29298012246EAA1300DC689C /* Frameworks */,
				29298013246EAA1300DC689C /* Resources */,
			);
			buildRules = (
			);
			dependencies = (
			);
			name = Intagrid;
			productName = Intagrid;
			productReference = 29298015246EAA1300DC689C /* Intagrid.app */;
			productType = "com.apple.product-type.application";
		};
/* End PBXNativeTarget section */

/* Begin PBXProject section */
		2929800D246EAA1300DC689C /* Project object */ = {
			isa = PBXProject;
			attributes = {
				LastSwiftUpdateCheck = 1140;
				LastUpgradeCheck = 1140;
				ORGANIZATIONNAME = FrancoisDemichelis;
				TargetAttributes = {
					29298014246EAA1300DC689C = {
						CreatedOnToolsVersion = 11.4;
					};
				};
			};
			buildConfigurationList = 29298010246EAA1300DC689C /* Build configuration list for PBXProject "Intagrid" */;
			compatibilityVersion = "Xcode 9.3";
			developmentRegion = en;
			hasScannedForEncodings = 0;
			knownRegions = (
				en,
				Base,
			);
			mainGroup = 2929800C246EAA1300DC689C;
			productRefGroup = 29298016246EAA1300DC689C /* Products */;
			projectDirPath = "";
			projectRoot = "";
			targets = (
				29298014246EAA1300DC689C /* Intagrid */,
			);
		};
/* End PBXProject section */

/* Begin PBXResourcesBuildPhase section */
		29298013246EAA1300DC689C /* Resources */ = {
			isa = PBXResourcesBuildPhase;
			buildActionMask = 2147483647;
			files = (
				29298025246EAA1300DC689C /* LaunchScreen.storyboard in Resources */,
				29298022246EAA1300DC689C /* Assets.xcassets in Resources */,
				0F47893024C6E2E60038EA6A /* ThirstySoftRegular.otf in Resources */,
				0F47892F24C6E2E60038EA6A /* Delm-Medium.otf in Resources */,
				29298020246EAA1300DC689C /* Main.storyboard in Resources */,
			);
			runOnlyForDeploymentPostprocessing = 0;
		};
/* End PBXResourcesBuildPhase section */

/* Begin PBXSourcesBuildPhase section */
		29298011246EAA1300DC689C /* Sources */ = {
			isa = PBXSourcesBuildPhase;
			buildActionMask = 2147483647;
			files = (
				2929801D246EAA1300DC689C /* ViewController.swift in Sources */,
				29298019246EAA1300DC689C /* AppDelegate.swift in Sources */,
				2929801B246EAA1300DC689C /* SceneDelegate.swift in Sources */,
			);
			runOnlyForDeploymentPostprocessing = 0;
		};
/* End PBXSourcesBuildPhase section */

/* Begin PBXVariantGroup section */
		2929801E246EAA1300DC689C /* Main.storyboard */ = {
			isa = PBXVariantGroup;
			children = (
				2929801F246EAA1300DC689C /* Base */,
			);
			name = Main.storyboard;
			sourceTree = "<group>";
		};
		29298023246EAA1300DC689C /* LaunchScreen.storyboard */ = {
			isa = PBXVariantGroup;
			children = (
				29298024246EAA1300DC689C /* Base */,
			);
			name = LaunchScreen.storyboard;
			sourceTree = "<group>";
		};
/* End PBXVariantGroup section */

/* Begin XCBuildConfiguration section */
		29298027246EAA1300DC689C /* Debug */ = {
			isa = XCBuildConfiguration;
			buildSettings = {
				ALWAYS_SEARCH_USER_PATHS = NO;
				CLANG_ANALYZER_NONNULL = YES;
				CLANG_ANALYZER_NUMBER_OBJECT_CONVERSION = YES_AGGRESSIVE;
				CLANG_CXX_LANGUAGE_STANDARD = "gnu++14";
				CLANG_CXX_LIBRARY = "libc++";
				CLANG_ENABLE_MODULES = YES;
				CLANG_ENABLE_OBJC_ARC = YES;
				CLANG_ENABLE_OBJC_WEAK = YES;
				CLANG_WARN_BLOCK_CAPTURE_AUTORELEASING = YES;
				CLANG_WARN_BOOL_CONVERSION = YES;
				CLANG_WARN_COMMA = YES;
				CLANG_WARN_CONSTANT_CONVERSION = YES;
				CLANG_WARN_DEPRECATED_OBJC_IMPLEMENTATIONS = YES;
				CLANG_WARN_DIRECT_OBJC_ISA_USAGE = YES_ERROR;
				CLANG_WARN_DOCUMENTATION_COMMENTS = YES;
				CLANG_WARN_EMPTY_BODY = YES;
				CLANG_WARN_ENUM_CONVERSION = YES;
				CLANG_WARN_INFINITE_RECURSION = YES;
				CLANG_WARN_INT_CONVERSION = YES;
				CLANG_WARN_NON_LITERAL_NULL_CONVERSION = YES;
				CLANG_WARN_OBJC_IMPLICIT_RETAIN_SELF = YES;
				CLANG_WARN_OBJC_LITERAL_CONVERSION = YES;
				CLANG_WARN_OBJC_ROOT_CLASS = YES_ERROR;
				CLANG_WARN_RANGE_LOOP_ANALYSIS = YES;
				CLANG_WARN_STRICT_PROTOTYPES = YES;
				CLANG_WARN_SUSPICIOUS_MOVE = YES;
				CLANG_WARN_UNGUARDED_AVAILABILITY = YES_AGGRESSIVE;
				CLANG_WARN_UNREACHABLE_CODE = YES;
				CLANG_WARN__DUPLICATE_METHOD_MATCH = YES;
				COPY_PHASE_STRIP = NO;
				DEBUG_INFORMATION_FORMAT = dwarf;
				ENABLE_STRICT_OBJC_MSGSEND = YES;
				ENABLE_TESTABILITY = YES;
				GCC_C_LANGUAGE_STANDARD = gnu11;
				GCC_DYNAMIC_NO_PIC = NO;
				GCC_NO_COMMON_BLOCKS = YES;
				GCC_OPTIMIZATION_LEVEL = 0;
				GCC_PREPROCESSOR_DEFINITIONS = (
					"DEBUG=1",
					"$(inherited)",
				);
				GCC_WARN_64_TO_32_BIT_CONVERSION = YES;
				GCC_WARN_ABOUT_RETURN_TYPE = YES_ERROR;
				GCC_WARN_UNDECLARED_SELECTOR = YES;
				GCC_WARN_UNINITIALIZED_AUTOS = YES_AGGRESSIVE;
				GCC_WARN_UNUSED_FUNCTION = YES;
				GCC_WARN_UNUSED_VARIABLE = YES;
				IPHONEOS_DEPLOYMENT_TARGET = 11.0;
				MTL_ENABLE_DEBUG_INFO = INCLUDE_SOURCE;
				MTL_FAST_MATH = YES;
				ONLY_ACTIVE_ARCH = YES;
				SDKROOT = iphoneos;
				SWIFT_ACTIVE_COMPILATION_CONDITIONS = DEBUG;
				SWIFT_OPTIMIZATION_LEVEL = "-Onone";
			};
			name = Debug;
		};
		29298028246EAA1300DC689C /* Release */ = {
			isa = XCBuildConfiguration;
			buildSettings = {
				ALWAYS_SEARCH_USER_PATHS = NO;
				CLANG_ANALYZER_NONNULL = YES;
				CLANG_ANALYZER_NUMBER_OBJECT_CONVERSION = YES_AGGRESSIVE;
				CLANG_CXX_LANGUAGE_STANDARD = "gnu++14";
				CLANG_CXX_LIBRARY = "libc++";
				CLANG_ENABLE_MODULES = YES;
				CLANG_ENABLE_OBJC_ARC = YES;
				CLANG_ENABLE_OBJC_WEAK = YES;
				CLANG_WARN_BLOCK_CAPTURE_AUTORELEASING = YES;
				CLANG_WARN_BOOL_CONVERSION = YES;
				CLANG_WARN_COMMA = YES;
				CLANG_WARN_CONSTANT_CONVERSION = YES;
				CLANG_WARN_DEPRECATED_OBJC_IMPLEMENTATIONS = YES;
				CLANG_WARN_DIRECT_OBJC_ISA_USAGE = YES_ERROR;
				CLANG_WARN_DOCUMENTATION_COMMENTS = YES;
				CLANG_WARN_EMPTY_BODY = YES;
				CLANG_WARN_ENUM_CONVERSION = YES;
				CLANG_WARN_INFINITE_RECURSION = YES;
				CLANG_WARN_INT_CONVERSION = YES;
				CLANG_WARN_NON_LITERAL_NULL_CONVERSION = YES;
				CLANG_WARN_OBJC_IMPLICIT_RETAIN_SELF = YES;
				CLANG_WARN_OBJC_LITERAL_CONVERSION = YES;
				CLANG_WARN_OBJC_ROOT_CLASS = YES_ERROR;
				CLANG_WARN_RANGE_LOOP_ANALYSIS = YES;
				CLANG_WARN_STRICT_PROTOTYPES = YES;
				CLANG_WARN_SUSPICIOUS_MOVE = YES;
				CLANG_WARN_UNGUARDED_AVAILABILITY = YES_AGGRESSIVE;
				CLANG_WARN_UNREACHABLE_CODE = YES;
				CLANG_WARN__DUPLICATE_METHOD_MATCH = YES;
				COPY_PHASE_STRIP = NO;
				DEBUG_INFORMATION_FORMAT = "dwarf-with-dsym";
				ENABLE_NS_ASSERTIONS = NO;
				ENABLE_STRICT_OBJC_MSGSEND = YES;
				GCC_C_LANGUAGE_STANDARD = gnu11;
				GCC_NO_COMMON_BLOCKS = YES;
				GCC_WARN_64_TO_32_BIT_CONVERSION = YES;
				GCC_WARN_ABOUT_RETURN_TYPE = YES_ERROR;
				GCC_WARN_UNDECLARED_SELECTOR = YES;
				GCC_WARN_UNINITIALIZED_AUTOS = YES_AGGRESSIVE;
				GCC_WARN_UNUSED_FUNCTION = YES;
				GCC_WARN_UNUSED_VARIABLE = YES;
				IPHONEOS_DEPLOYMENT_TARGET = 11.0;
				MTL_ENABLE_DEBUG_INFO = NO;
				MTL_FAST_MATH = YES;
				SDKROOT = iphoneos;
				SWIFT_COMPILATION_MODE = wholemodule;
				SWIFT_OPTIMIZATION_LEVEL = "-O";
				VALIDATE_PRODUCT = YES;
			};
			name = Release;
		};
		2929802A246EAA1300DC689C /* Debug */ = {
			isa = XCBuildConfiguration;
			buildSettings = {
				ASSETCATALOG_COMPILER_APPICON_NAME = AppIcon;
				CODE_SIGN_STYLE = Automatic;
				INFOPLIST_FILE = Intagrid/Info.plist;
				LD_RUNPATH_SEARCH_PATHS = (
					"$(inherited)",
					"@executable_path/Frameworks",
				);
				PRODUCT_BUNDLE_IDENTIFIER = "com.francois-demichelis.Intagrid";
				PRODUCT_NAME = "$(TARGET_NAME)";
				SWIFT_VERSION = 5.0;
				TARGETED_DEVICE_FAMILY = 1;
			};
			name = Debug;
		};
		2929802B246EAA1300DC689C /* Release */ = {
			isa = XCBuildConfiguration;
			buildSettings = {
				ASSETCATALOG_COMPILER_APPICON_NAME = AppIcon;
				CODE_SIGN_STYLE = Automatic;
				INFOPLIST_FILE = Intagrid/Info.plist;
				LD_RUNPATH_SEARCH_PATHS = (
					"$(inherited)",
					"@executable_path/Frameworks",
				);
				PRODUCT_BUNDLE_IDENTIFIER = "com.francois-demichelis.Intagrid";
				PRODUCT_NAME = "$(TARGET_NAME)";
				SWIFT_VERSION = 5.0;
				TARGETED_DEVICE_FAMILY = 1;
			};
			name = Release;
		};
/* End XCBuildConfiguration section */

/* Begin XCConfigurationList section */
		29298010246EAA1300DC689C /* Build configuration list for PBXProject "Intagrid" */ = {
			isa = XCConfigurationList;
			buildConfigurations = (
				29298027246EAA1300DC689C /* Debug */,
				29298028246EAA1300DC689C /* Release */,
			);
			defaultConfigurationIsVisible = 0;
			defaultConfigurationName = Release;
		};
		29298029246EAA1300DC689C /* Build configuration list for PBXNativeTarget "Intagrid" */ = {
			isa = XCConfigurationList;
			buildConfigurations = (
				2929802A246EAA1300DC689C /* Debug */,
				2929802B246EAA1300DC689C /* Release */,
			);
			defaultConfigurationIsVisible = 0;
			defaultConfigurationName = Release;
		};
/* End XCConfigurationList section */
	};
	rootObject = 2929800D246EAA1300DC689C /* Project object */;
}
